
Microsoft Visual Studio Solution File, Format Version 12.00
# Visual Studio Version 17
VisualStudioVersion = 17.11.35312.102
MinimumVisualStudioVersion = 10.0.40219.1
Project("{FAE04EC0-301F-11D3-BF4B-00C04F79EFBC}") = "burt-michael-a3-game", "burt-michael-a3-game.csproj", "{6EDD535F-F726-4E83-9870-81A704261C83}"
EndProject
Global
	GlobalSection(SolutionConfigurationPlatforms) = preSolution
		Debug|Any CPU = Debug|Any CPU
		Release|Any CPU = Release|Any CPU
	EndGlobalSection
	GlobalSection(ProjectConfigurationPlatforms) = postSolution
		{6EDD535F-F726-4E83-9870-81A704261C83}.Debug|Any CPU.ActiveCfg = Debug|Any CPU
		{6EDD535F-F726-4E83-9870-81A704261C83}.Debug|Any CPU.Build.0 = Debug|Any CPU
		{6EDD535F-F726-4E83-9870-81A704261C83}.Release|Any CPU.ActiveCfg = Release|Any CPU
		{6EDD535F-F726-4E83-9870-81A704261C83}.Release|Any CPU.Build.0 = Release|Any CPU
	EndGlobalSection
	GlobalSection(SolutionProperties) = preSolution
		HideSolutionNode = FALSE
	EndGlobalSection
	GlobalSection(ExtensibilityGlobals) = postSolution
		SolutionGuid = {99BA9C7F-726D-47C6-B556-F514D6850FCD}
	EndGlobalSection
EndGlobal
